
Microsoft Visual Studio Solution File, Format Version 12.00
# Visual Studio 15
VisualStudioVersion = 15.0.28010.2046
MinimumVisualStudioVersion = 10.0.40219.1
Project("{FAE04EC0-301F-11D3-BF4B-00C04F79EFBC}") = "lab_6", "lab_6\lab_6.csproj", "{7EA6DBBE-C93A-4FBD-8B83-FD57FB4D66B6}"
EndProject
Global
	GlobalSection(SolutionConfigurationPlatforms) = preSolution
		Debug|Any CPU = Debug|Any CPU
		Release|Any CPU = Release|Any CPU
	EndGlobalSection
	GlobalSection(ProjectConfigurationPlatforms) = postSolution
		{7EA6DBBE-C93A-4FBD-8B83-FD57FB4D66B6}.Debug|Any CPU.ActiveCfg = Debug|Any CPU
		{7EA6DBBE-C93A-4FBD-8B83-FD57FB4D66B6}.Debug|Any CPU.Build.0 = Debug|Any CPU
		{7EA6DBBE-C93A-4FBD-8B83-FD57FB4D66B6}.Release|Any CPU.ActiveCfg = Release|Any CPU
		{7EA6DBBE-C93A-4FBD-8B83-FD57FB4D66B6}.Release|Any CPU.Build.0 = Release|Any CPU
	EndGlobalSection
	GlobalSection(SolutionProperties) = preSolution
		HideSolutionNode = FALSE
	EndGlobalSection
	GlobalSection(ExtensibilityGlobals) = postSolution
		SolutionGuid = {587CEC7C-2820-4823-BAA4-7A4A76E5A29D}
	EndGlobalSection
EndGlobal
